
Microsoft Visual Studio Solution File, Format Version 12.00
# Visual Studio 15
VisualStudioVersion = 15.0.27428.2037
MinimumVisualStudioVersion = 10.0.40219.1
Project("{FAE04EC0-301F-11D3-BF4B-00C04F79EFBC}") = "MiniORM", "MiniORM\MiniORM.csproj", "{87B7205B-39F5-4DC5-9150-D0E26BB8594E}"
EndProject
Project("{FAE04EC0-301F-11D3-BF4B-00C04F79EFBC}") = "MiniORM.App", "MiniORM.App\MiniORM.App.csproj", "{9EE12037-278C-408E-A3DD-A58C74C62E26}"
EndProject
Global
	GlobalSection(SolutionConfigurationPlatforms) = preSolution
		Debug|Any CPU = Debug|Any CPU
		Release|Any CPU = Release|Any CPU
	EndGlobalSection
	GlobalSection(ProjectConfigurationPlatforms) = postSolution
		{87B7205B-39F5-4DC5-9150-D0E26BB8594E}.Debug|Any CPU.ActiveCfg = Debug|Any CPU
		{87B7205B-39F5-4DC5-9150-D0E26BB8594E}.Debug|Any CPU.Build.0 = Debug|Any CPU
		{87B7205B-39F5-4DC5-9150-D0E26BB8594E}.Release|Any CPU.ActiveCfg = Release|Any CPU
		{87B7205B-39F5-4DC5-9150-D0E26BB8594E}.Release|Any CPU.Build.0 = Release|Any CPU
		{9EE12037-278C-408E-A3DD-A58C74C62E26}.Debug|Any CPU.ActiveCfg = Debug|Any CPU
		{9EE12037-278C-408E-A3DD-A58C74C62E26}.Debug|Any CPU.Build.0 = Debug|Any CPU
		{9EE12037-278C-408E-A3DD-A58C74C62E26}.Release|Any CPU.ActiveCfg = Release|Any CPU
		{9EE12037-278C-408E-A3DD-A58C74C62E26}.Release|Any CPU.Build.0 = Release|Any CPU
	EndGlobalSection
	GlobalSection(SolutionProperties) = preSolution
		HideSolutionNode = FALSE
	EndGlobalSection
	GlobalSection(ExtensibilityGlobals) = postSolution
		SolutionGuid = {155141F7-3870-4405-A3D8-254BC093319A}
	EndGlobalSection
EndGlobal
