
Microsoft Visual Studio Solution File, Format Version 12.00
# Visual Studio 15
VisualStudioVersion = 15.0.28307.421
MinimumVisualStudioVersion = 10.0.40219.1
Project("{9A19103F-16F7-4668-BE54-9A1E7A4F7556}") = "Vehicles", "Vehicles\Vehicles.csproj", "{18F76946-3152-4DE9-B6A0-3740BF317334}"
EndProject
Project("{9A19103F-16F7-4668-BE54-9A1E7A4F7556}") = "VehiclesExtension", "VehiclesExtension\VehiclesExtension.csproj", "{02E63E0E-3CA4-40EB-B719-1424504364D8}"
EndProject
Project("{FAE04EC0-301F-11D3-BF4B-00C04F79EFBC}") = "Wild_Farm", "Wild_Farm\Wild_Farm.csproj", "{FE95CB59-9C55-4398-B513-0814108DE092}"
EndProject
Global
	GlobalSection(SolutionConfigurationPlatforms) = preSolution
		Debug|Any CPU = Debug|Any CPU
		Release|Any CPU = Release|Any CPU
	EndGlobalSection
	GlobalSection(ProjectConfigurationPlatforms) = postSolution
		{18F76946-3152-4DE9-B6A0-3740BF317334}.Debug|Any CPU.ActiveCfg = Debug|Any CPU
		{18F76946-3152-4DE9-B6A0-3740BF317334}.Debug|Any CPU.Build.0 = Debug|Any CPU
		{18F76946-3152-4DE9-B6A0-3740BF317334}.Release|Any CPU.ActiveCfg = Release|Any CPU
		{18F76946-3152-4DE9-B6A0-3740BF317334}.Release|Any CPU.Build.0 = Release|Any CPU
		{02E63E0E-3CA4-40EB-B719-1424504364D8}.Debug|Any CPU.ActiveCfg = Debug|Any CPU
		{02E63E0E-3CA4-40EB-B719-1424504364D8}.Debug|Any CPU.Build.0 = Debug|Any CPU
		{02E63E0E-3CA4-40EB-B719-1424504364D8}.Release|Any CPU.ActiveCfg = Release|Any CPU
		{02E63E0E-3CA4-40EB-B719-1424504364D8}.Release|Any CPU.Build.0 = Release|Any CPU
		{FE95CB59-9C55-4398-B513-0814108DE092}.Debug|Any CPU.ActiveCfg = Debug|Any CPU
		{FE95CB59-9C55-4398-B513-0814108DE092}.Debug|Any CPU.Build.0 = Debug|Any CPU
		{FE95CB59-9C55-4398-B513-0814108DE092}.Release|Any CPU.ActiveCfg = Release|Any CPU
		{FE95CB59-9C55-4398-B513-0814108DE092}.Release|Any CPU.Build.0 = Release|Any CPU
	EndGlobalSection
	GlobalSection(SolutionProperties) = preSolution
		HideSolutionNode = FALSE
	EndGlobalSection
	GlobalSection(ExtensibilityGlobals) = postSolution
		SolutionGuid = {C3E82492-1E55-4313-8AE3-12A70BC1AC00}
	EndGlobalSection
EndGlobal
