
Microsoft Visual Studio Solution File, Format Version 12.00
# Visual Studio 15
VisualStudioVersion = 15.0.28307.421
MinimumVisualStudioVersion = 10.0.40219.1
Project("{9A19103F-16F7-4668-BE54-9A1E7A4F7556}") = "ClassBox", "ClassBox\ClassBox.csproj", "{938DA690-3FB9-4790-B471-632D6A78609D}"
EndProject
Project("{9A19103F-16F7-4668-BE54-9A1E7A4F7556}") = "ShoppingSpree", "ShoppingSpree\ShoppingSpree.csproj", "{5A54B44A-BB7C-43DB-9C94-23FB5CD260A3}"
EndProject
Project("{9A19103F-16F7-4668-BE54-9A1E7A4F7556}") = "PizzaCalories", "PizzaCalories\PizzaCalories.csproj", "{F33A7BD7-69D5-4DB8-8843-CA8EF226FE08}"
EndProject
Project("{9A19103F-16F7-4668-BE54-9A1E7A4F7556}") = "FootballTeamGenerator", "FootballTeamGenerator\FootballTeamGenerator.csproj", "{6967EB80-8BC2-46E9-BE86-0BE3F61C2754}"
EndProject
Project("{FAE04EC0-301F-11D3-BF4B-00C04F79EFBC}") = "Animal", "Animal\Animal.csproj", "{182DBAA8-5BE4-4918-9C0E-AE19F62AF022}"
EndProject
Global
	GlobalSection(SolutionConfigurationPlatforms) = preSolution
		Debug|Any CPU = Debug|Any CPU
		Release|Any CPU = Release|Any CPU
	EndGlobalSection
	GlobalSection(ProjectConfigurationPlatforms) = postSolution
		{938DA690-3FB9-4790-B471-632D6A78609D}.Debug|Any CPU.ActiveCfg = Debug|Any CPU
		{938DA690-3FB9-4790-B471-632D6A78609D}.Debug|Any CPU.Build.0 = Debug|Any CPU
		{938DA690-3FB9-4790-B471-632D6A78609D}.Release|Any CPU.ActiveCfg = Release|Any CPU
		{938DA690-3FB9-4790-B471-632D6A78609D}.Release|Any CPU.Build.0 = Release|Any CPU
		{5A54B44A-BB7C-43DB-9C94-23FB5CD260A3}.Debug|Any CPU.ActiveCfg = Debug|Any CPU
		{5A54B44A-BB7C-43DB-9C94-23FB5CD260A3}.Debug|Any CPU.Build.0 = Debug|Any CPU
		{5A54B44A-BB7C-43DB-9C94-23FB5CD260A3}.Release|Any CPU.ActiveCfg = Release|Any CPU
		{5A54B44A-BB7C-43DB-9C94-23FB5CD260A3}.Release|Any CPU.Build.0 = Release|Any CPU
		{F33A7BD7-69D5-4DB8-8843-CA8EF226FE08}.Debug|Any CPU.ActiveCfg = Debug|Any CPU
		{F33A7BD7-69D5-4DB8-8843-CA8EF226FE08}.Debug|Any CPU.Build.0 = Debug|Any CPU
		{F33A7BD7-69D5-4DB8-8843-CA8EF226FE08}.Release|Any CPU.ActiveCfg = Release|Any CPU
		{F33A7BD7-69D5-4DB8-8843-CA8EF226FE08}.Release|Any CPU.Build.0 = Release|Any CPU
		{6967EB80-8BC2-46E9-BE86-0BE3F61C2754}.Debug|Any CPU.ActiveCfg = Debug|Any CPU
		{6967EB80-8BC2-46E9-BE86-0BE3F61C2754}.Debug|Any CPU.Build.0 = Debug|Any CPU
		{6967EB80-8BC2-46E9-BE86-0BE3F61C2754}.Release|Any CPU.ActiveCfg = Release|Any CPU
		{6967EB80-8BC2-46E9-BE86-0BE3F61C2754}.Release|Any CPU.Build.0 = Release|Any CPU
		{182DBAA8-5BE4-4918-9C0E-AE19F62AF022}.Debug|Any CPU.ActiveCfg = Debug|Any CPU
		{182DBAA8-5BE4-4918-9C0E-AE19F62AF022}.Debug|Any CPU.Build.0 = Debug|Any CPU
		{182DBAA8-5BE4-4918-9C0E-AE19F62AF022}.Release|Any CPU.ActiveCfg = Release|Any CPU
		{182DBAA8-5BE4-4918-9C0E-AE19F62AF022}.Release|Any CPU.Build.0 = Release|Any CPU
	EndGlobalSection
	GlobalSection(SolutionProperties) = preSolution
		HideSolutionNode = FALSE
	EndGlobalSection
	GlobalSection(ExtensibilityGlobals) = postSolution
		SolutionGuid = {62A79219-D84F-4F6A-940C-DD5B08EF394D}
	EndGlobalSection
EndGlobal
