
Microsoft Visual Studio Solution File, Format Version 12.00
# Visual Studio Version 16
VisualStudioVersion = 16.0.29503.13
MinimumVisualStudioVersion = 10.0.40219.1
Project("{FAE04EC0-301F-11D3-BF4B-00C04F79EFBC}") = "DP-Demo", "DP-Demo\DP-Demo.csproj", "{FC9B57B6-F2A5-4083-B977-D0962D99FE7F}"
EndProject
Global
	GlobalSection(SolutionConfigurationPlatforms) = preSolution
		Debug|Any CPU = Debug|Any CPU
		Release|Any CPU = Release|Any CPU
	EndGlobalSection
	GlobalSection(ProjectConfigurationPlatforms) = postSolution
		{FC9B57B6-F2A5-4083-B977-D0962D99FE7F}.Debug|Any CPU.ActiveCfg = Debug|Any CPU
		{FC9B57B6-F2A5-4083-B977-D0962D99FE7F}.Debug|Any CPU.Build.0 = Debug|Any CPU
		{FC9B57B6-F2A5-4083-B977-D0962D99FE7F}.Release|Any CPU.ActiveCfg = Release|Any CPU
		{FC9B57B6-F2A5-4083-B977-D0962D99FE7F}.Release|Any CPU.Build.0 = Release|Any CPU
	EndGlobalSection
	GlobalSection(SolutionProperties) = preSolution
		HideSolutionNode = FALSE
	EndGlobalSection
	GlobalSection(ExtensibilityGlobals) = postSolution
		SolutionGuid = {ED98A3AF-55C4-4450-922F-8AA4D08BD122}
	EndGlobalSection
EndGlobal
