
Microsoft Visual Studio Solution File, Format Version 12.00
# Visual Studio Version 16
VisualStudioVersion = 16.0.29306.81
MinimumVisualStudioVersion = 10.0.40219.1
Project("{FAE04EC0-301F-11D3-BF4B-00C04F79EFBC}") = "P01_StudentSystem", "P01_StudentSystem\P01_StudentSystem.csproj", "{BFF705A7-A689-4154-8DFA-01E34460802D}"
EndProject
Global
	GlobalSection(SolutionConfigurationPlatforms) = preSolution
		Debug|Any CPU = Debug|Any CPU
		Release|Any CPU = Release|Any CPU
	EndGlobalSection
	GlobalSection(ProjectConfigurationPlatforms) = postSolution
		{BFF705A7-A689-4154-8DFA-01E34460802D}.Debug|Any CPU.ActiveCfg = Debug|Any CPU
		{BFF705A7-A689-4154-8DFA-01E34460802D}.Debug|Any CPU.Build.0 = Debug|Any CPU
		{BFF705A7-A689-4154-8DFA-01E34460802D}.Release|Any CPU.ActiveCfg = Release|Any CPU
		{BFF705A7-A689-4154-8DFA-01E34460802D}.Release|Any CPU.Build.0 = Release|Any CPU
	EndGlobalSection
	GlobalSection(SolutionProperties) = preSolution
		HideSolutionNode = FALSE
	EndGlobalSection
	GlobalSection(ExtensibilityGlobals) = postSolution
		SolutionGuid = {6F03CB97-DCBA-4F3D-829E-4ED2B59B9B77}
	EndGlobalSection
EndGlobal
