
Microsoft Visual Studio Solution File, Format Version 12.00
# Visual Studio 15
VisualStudioVersion = 15.0.28307.421
MinimumVisualStudioVersion = 10.0.40219.1
Project("{9A19103F-16F7-4668-BE54-9A1E7A4F7556}") = "StorageMaster", "StorageMaster\StorageMaster.csproj", "{50F31B87-47ED-4AAF-BFA2-62D3477259CD}"
EndProject
Global
	GlobalSection(SolutionConfigurationPlatforms) = preSolution
		Debug|Any CPU = Debug|Any CPU
		Release|Any CPU = Release|Any CPU
	EndGlobalSection
	GlobalSection(ProjectConfigurationPlatforms) = postSolution
		{50F31B87-47ED-4AAF-BFA2-62D3477259CD}.Debug|Any CPU.ActiveCfg = Debug|Any CPU
		{50F31B87-47ED-4AAF-BFA2-62D3477259CD}.Debug|Any CPU.Build.0 = Debug|Any CPU
		{50F31B87-47ED-4AAF-BFA2-62D3477259CD}.Release|Any CPU.ActiveCfg = Release|Any CPU
		{50F31B87-47ED-4AAF-BFA2-62D3477259CD}.Release|Any CPU.Build.0 = Release|Any CPU
	EndGlobalSection
	GlobalSection(SolutionProperties) = preSolution
		HideSolutionNode = FALSE
	EndGlobalSection
	GlobalSection(ExtensibilityGlobals) = postSolution
		SolutionGuid = {AD026CA8-7D6D-4473-9C6D-A5E6477E5C54}
	EndGlobalSection
EndGlobal
