
Microsoft Visual Studio Solution File, Format Version 12.00
# Visual Studio Version 16
VisualStudioVersion = 16.0.29519.87
MinimumVisualStudioVersion = 10.0.40219.1
Project("{9A19103F-16F7-4668-BE54-9A1E7A4F7556}") = "PetStore", "PetStore\PetStore.csproj", "{D461610E-894B-439C-8A1D-7D2CE3E5A24A}"
EndProject
Project("{9A19103F-16F7-4668-BE54-9A1E7A4F7556}") = "PetStore.Data", "PetStore.Data\PetStore.Data.csproj", "{48DB2036-DDD0-48FA-9889-15466CDDA9FD}"
EndProject
Project("{9A19103F-16F7-4668-BE54-9A1E7A4F7556}") = "PetStore.Services", "PetStore.Services\PetStore.Services.csproj", "{FE664968-35A8-4854-A03B-3C523B404720}"
EndProject
Project("{9A19103F-16F7-4668-BE54-9A1E7A4F7556}") = "PetStore.Models", "PetStore.Models\PetStore.Models.csproj", "{742D8435-A536-4EBD-8D57-108585469C67}"
EndProject
Project("{9A19103F-16F7-4668-BE54-9A1E7A4F7556}") = "PetStore.Services.Models", "PetStore.Services.Models\PetStore.Services.Models.csproj", "{B50E3807-3521-436B-94E3-00004FF21436}"
EndProject
Project("{FAE04EC0-301F-11D3-BF4B-00C04F79EFBC}") = "PetStore.Web", "PetStore.Web\PetStore.Web.csproj", "{70520828-A092-46A0-9D6B-4571C1C0FCA8}"
EndProject
Global
	GlobalSection(SolutionConfigurationPlatforms) = preSolution
		Debug|Any CPU = Debug|Any CPU
		Release|Any CPU = Release|Any CPU
	EndGlobalSection
	GlobalSection(ProjectConfigurationPlatforms) = postSolution
		{D461610E-894B-439C-8A1D-7D2CE3E5A24A}.Debug|Any CPU.ActiveCfg = Debug|Any CPU
		{D461610E-894B-439C-8A1D-7D2CE3E5A24A}.Debug|Any CPU.Build.0 = Debug|Any CPU
		{D461610E-894B-439C-8A1D-7D2CE3E5A24A}.Release|Any CPU.ActiveCfg = Release|Any CPU
		{D461610E-894B-439C-8A1D-7D2CE3E5A24A}.Release|Any CPU.Build.0 = Release|Any CPU
		{48DB2036-DDD0-48FA-9889-15466CDDA9FD}.Debug|Any CPU.ActiveCfg = Debug|Any CPU
		{48DB2036-DDD0-48FA-9889-15466CDDA9FD}.Debug|Any CPU.Build.0 = Debug|Any CPU
		{48DB2036-DDD0-48FA-9889-15466CDDA9FD}.Release|Any CPU.ActiveCfg = Release|Any CPU
		{48DB2036-DDD0-48FA-9889-15466CDDA9FD}.Release|Any CPU.Build.0 = Release|Any CPU
		{FE664968-35A8-4854-A03B-3C523B404720}.Debug|Any CPU.ActiveCfg = Debug|Any CPU
		{FE664968-35A8-4854-A03B-3C523B404720}.Debug|Any CPU.Build.0 = Debug|Any CPU
		{FE664968-35A8-4854-A03B-3C523B404720}.Release|Any CPU.ActiveCfg = Release|Any CPU
		{FE664968-35A8-4854-A03B-3C523B404720}.Release|Any CPU.Build.0 = Release|Any CPU
		{742D8435-A536-4EBD-8D57-108585469C67}.Debug|Any CPU.ActiveCfg = Debug|Any CPU
		{742D8435-A536-4EBD-8D57-108585469C67}.Debug|Any CPU.Build.0 = Debug|Any CPU
		{742D8435-A536-4EBD-8D57-108585469C67}.Release|Any CPU.ActiveCfg = Release|Any CPU
		{742D8435-A536-4EBD-8D57-108585469C67}.Release|Any CPU.Build.0 = Release|Any CPU
		{B50E3807-3521-436B-94E3-00004FF21436}.Debug|Any CPU.ActiveCfg = Debug|Any CPU
		{B50E3807-3521-436B-94E3-00004FF21436}.Debug|Any CPU.Build.0 = Debug|Any CPU
		{B50E3807-3521-436B-94E3-00004FF21436}.Release|Any CPU.ActiveCfg = Release|Any CPU
		{B50E3807-3521-436B-94E3-00004FF21436}.Release|Any CPU.Build.0 = Release|Any CPU
		{70520828-A092-46A0-9D6B-4571C1C0FCA8}.Debug|Any CPU.ActiveCfg = Debug|Any CPU
		{70520828-A092-46A0-9D6B-4571C1C0FCA8}.Debug|Any CPU.Build.0 = Debug|Any CPU
		{70520828-A092-46A0-9D6B-4571C1C0FCA8}.Release|Any CPU.ActiveCfg = Release|Any CPU
		{70520828-A092-46A0-9D6B-4571C1C0FCA8}.Release|Any CPU.Build.0 = Release|Any CPU
	EndGlobalSection
	GlobalSection(SolutionProperties) = preSolution
		HideSolutionNode = FALSE
	EndGlobalSection
	GlobalSection(ExtensibilityGlobals) = postSolution
		SolutionGuid = {68E5E485-93FF-49FE-AE14-89073E84E6B8}
	EndGlobalSection
EndGlobal
