
Microsoft Visual Studio Solution File, Format Version 12.00
# Visual Studio Version 16
VisualStudioVersion = 16.0.29306.81
MinimumVisualStudioVersion = 10.0.40219.1
Project("{FAE04EC0-301F-11D3-BF4B-00C04F79EFBC}") = "BillsPaymentSystem.App", "BillsPaymentSystem.App\BillsPaymentSystem.App.csproj", "{A325C895-2D23-4991-ACF1-200DF7590F36}"
EndProject
Project("{FAE04EC0-301F-11D3-BF4B-00C04F79EFBC}") = "BillsPaymentSystem.Models", "BillsPaymentSystem.Models\BillsPaymentSystem.Models.csproj", "{F5E24E55-F6E2-4255-8F59-3F49C84D8732}"
EndProject
Project("{FAE04EC0-301F-11D3-BF4B-00C04F79EFBC}") = "BillsPaymentSystem.Data", "BillsPaymentSystem.Data\BillsPaymentSystem.Data.csproj", "{DD995CDE-CC1F-41FA-8F07-2DB3D2AF572E}"
EndProject
Global
	GlobalSection(SolutionConfigurationPlatforms) = preSolution
		Debug|Any CPU = Debug|Any CPU
		Release|Any CPU = Release|Any CPU
	EndGlobalSection
	GlobalSection(ProjectConfigurationPlatforms) = postSolution
		{A325C895-2D23-4991-ACF1-200DF7590F36}.Debug|Any CPU.ActiveCfg = Debug|Any CPU
		{A325C895-2D23-4991-ACF1-200DF7590F36}.Debug|Any CPU.Build.0 = Debug|Any CPU
		{A325C895-2D23-4991-ACF1-200DF7590F36}.Release|Any CPU.ActiveCfg = Release|Any CPU
		{A325C895-2D23-4991-ACF1-200DF7590F36}.Release|Any CPU.Build.0 = Release|Any CPU
		{F5E24E55-F6E2-4255-8F59-3F49C84D8732}.Debug|Any CPU.ActiveCfg = Debug|Any CPU
		{F5E24E55-F6E2-4255-8F59-3F49C84D8732}.Debug|Any CPU.Build.0 = Debug|Any CPU
		{F5E24E55-F6E2-4255-8F59-3F49C84D8732}.Release|Any CPU.ActiveCfg = Release|Any CPU
		{F5E24E55-F6E2-4255-8F59-3F49C84D8732}.Release|Any CPU.Build.0 = Release|Any CPU
		{DD995CDE-CC1F-41FA-8F07-2DB3D2AF572E}.Debug|Any CPU.ActiveCfg = Debug|Any CPU
		{DD995CDE-CC1F-41FA-8F07-2DB3D2AF572E}.Debug|Any CPU.Build.0 = Debug|Any CPU
		{DD995CDE-CC1F-41FA-8F07-2DB3D2AF572E}.Release|Any CPU.ActiveCfg = Release|Any CPU
		{DD995CDE-CC1F-41FA-8F07-2DB3D2AF572E}.Release|Any CPU.Build.0 = Release|Any CPU
	EndGlobalSection
	GlobalSection(SolutionProperties) = preSolution
		HideSolutionNode = FALSE
	EndGlobalSection
	GlobalSection(ExtensibilityGlobals) = postSolution
		SolutionGuid = {0D6D93B8-0052-4D49-9E6C-0800293CA15E}
	EndGlobalSection
EndGlobal
